
Microsoft Visual Studio Solution File, Format Version 12.00
# Visual Studio Version 17
VisualStudioVersion = 17.8.34330.188
MinimumVisualStudioVersion = 10.0.40219.1
Project("{FAE04EC0-301F-11D3-BF4B-00C04F79EFBC}") = "WebApp", "WebApp.csproj", "{8637D2AF-3E18-4CF7-9C41-7DD36B1422DE}"
EndProject
Global
	GlobalSection(SolutionConfigurationPlatforms) = preSolution
		Debug|Any CPU = Debug|Any CPU
		Release|Any CPU = Release|Any CPU
	EndGlobalSection
	GlobalSection(ProjectConfigurationPlatforms) = postSolution
		{8637D2AF-3E18-4CF7-9C41-7DD36B1422DE}.Debug|Any CPU.ActiveCfg = Debug|Any CPU
		{8637D2AF-3E18-4CF7-9C41-7DD36B1422DE}.Debug|Any CPU.Build.0 = Debug|Any CPU
		{8637D2AF-3E18-4CF7-9C41-7DD36B1422DE}.Release|Any CPU.ActiveCfg = Release|Any CPU
		{8637D2AF-3E18-4CF7-9C41-7DD36B1422DE}.Release|Any CPU.Build.0 = Release|Any CPU
	EndGlobalSection
	GlobalSection(SolutionProperties) = preSolution
		HideSolutionNode = FALSE
	EndGlobalSection
	GlobalSection(ExtensibilityGlobals) = postSolution
		SolutionGuid = {8C0174BD-3D84-4BB3-8EC5-2A367EB0C0AE}
	EndGlobalSection
EndGlobal
